
Microsoft Visual Studio Solution File, Format Version 12.00
# Visual Studio 15
Project("{FAE04EC0-301F-11D3-BF4B-00C04F79EFBC}") = "Assembly-CSharp-Editor", "Assembly-CSharp-Editor.csproj", "{7C86C9E3-0F05-5F0A-D8CA-B9BE4730C022}"
EndProject
Project("{FAE04EC0-301F-11D3-BF4B-00C04F79EFBC}") = "Assembly-CSharp", "Assembly-CSharp.csproj", "{680F5FB7-7C47-3141-B63D-8619A86804DB}"
EndProject
Global
	GlobalSection(SolutionConfigurationPlatforms) = preSolution
		Debug|Any CPU = Debug|Any CPU
		Release|Any CPU = Release|Any CPU
	EndGlobalSection
	GlobalSection(ProjectConfigurationPlatforms) = postSolution
		{7C86C9E3-0F05-5F0A-D8CA-B9BE4730C022}.Debug|Any CPU.ActiveCfg = Debug|Any CPU
		{7C86C9E3-0F05-5F0A-D8CA-B9BE4730C022}.Debug|Any CPU.Build.0 = Debug|Any CPU
		{7C86C9E3-0F05-5F0A-D8CA-B9BE4730C022}.Release|Any CPU.ActiveCfg = Release|Any CPU
		{7C86C9E3-0F05-5F0A-D8CA-B9BE4730C022}.Release|Any CPU.Build.0 = Release|Any CPU
		{680F5FB7-7C47-3141-B63D-8619A86804DB}.Debug|Any CPU.ActiveCfg = Debug|Any CPU
		{680F5FB7-7C47-3141-B63D-8619A86804DB}.Debug|Any CPU.Build.0 = Debug|Any CPU
		{680F5FB7-7C47-3141-B63D-8619A86804DB}.Release|Any CPU.ActiveCfg = Release|Any CPU
		{680F5FB7-7C47-3141-B63D-8619A86804DB}.Release|Any CPU.Build.0 = Release|Any CPU
	EndGlobalSection
	GlobalSection(SolutionProperties) = preSolution
		HideSolutionNode = FALSE
	EndGlobalSection
EndGlobal
